// !$*UTF8*$!
{
	archiveVersion = 1;
	classes = {
	};
	objectVersion = 46;
	objects = {

/* Begin PBXBuildFile section */
		B7B3DC281F18FB5D002104BA /* AppDelegate.m in Sources */ = {isa = PBXBuildFile; fileRef = B7B3DC271F18FB5D002104BA /* AppDelegate.m */; };
		B7B3DC2B1F18FB5D002104BA /* main.m in Sources */ = {isa = PBXBuildFile; fileRef = B7B3DC2A1F18FB5D002104BA /* main.m */; };
		B7B3DC2D1F18FB5D002104BA /* Assets.xcassets in Resources */ = {isa = PBXBuildFile; fileRef = B7B3DC2C1F18FB5D002104BA /* Assets.xcassets */; };
		B7B3DC301F18FB5D002104BA /* MainMenu.xib in Resources */ = {isa = PBXBuildFile; fileRef = B7B3DC2E1F18FB5D002104BA /* MainMenu.xib */; };
/* End PBXBuildFile section */

/* Begin PBXFileReference section */
		B7B3DC231F18FB5D002104BA /* LearnPopWindow.app */ = {isa = PBXFileReference; explicitFileType = wrapper.application; includeInIndex = 0; path = LearnPopWindow.app; sourceTree = BUILT_PRODUCTS_DIR; };
		B7B3DC261F18FB5D002104BA /* AppDelegate.h */ = {isa = PBXFileReference; lastKnownFileType = sourcecode.c.h; path = AppDelegate.h; sourceTree = "<group>"; };
		B7B3DC271F18FB5D002104BA /* AppDelegate.m */ = {isa = PBXFileReference; lastKnownFileType = sourcecode.c.objc; path = AppDelegate.m; sourceTree = "<group>"; };
		B7B3DC2A1F18FB5D002104BA /* main.m */ = {isa = PBXFileReference; lastKnownFileType = sourcecode.c.objc; path = main.m; sourceTree = "<group>"; };
		B7B3DC2C1F18FB5D002104BA /* Assets.xcassets */ = {isa = PBXFileReference; lastKnownFileType = folder.assetcatalog; path = Assets.xcassets; sourceTree = "<group>"; };
		B7B3DC2F1F18FB5D002104BA /* Base */ = {isa = PBXFileReference; lastKnownFileType = file.xib; name = Base; path = Base.lproj/MainMenu.xib; sourceTree = "<group>"; };
		B7B3DC311F18FB5D002104BA /* Info.plist */ = {isa = PBXFileReference; lastKnownFileType = text.plist.xml; path = Info.plist; sourceTree = "<group>"; };
/* End PBXFileReference section */

/* Begin PBXFrameworksBuildPhase section */
		B7B3DC201F18FB5D002104BA /* Frameworks */ = {
			isa = PBXFrameworksBuildPhase;
			buildActionMask = 2147483647;
			files = (
			);
			runOnlyForDeploymentPostprocessing = 0;
		};
/* End PBXFrameworksBuildPhase section */

/* Begin PBXGroup section */
		B7B3DC1A1F18FB5D002104BA = {
			isa = PBXGroup;
			children = (
				B7B3DC251F18FB5D002104BA /* LearnPopWindow */,
				B7B3DC241F18FB5D002104BA /* Products */,
			);
			sourceTree = "<group>";
		};
		B7B3DC241F18FB5D002104BA /* Products */ = {
			isa = PBXGroup;
			children = (
				B7B3DC231F18FB5D002104BA /* LearnPopWindow.app */,
			);
			name = Products;
			sourceTree = "<group>";
		};
		B7B3DC251F18FB5D002104BA /* LearnPopWindow */ = {
			isa = PBXGroup;
			children = (
				B7B3DC261F18FB5D002104BA /* AppDelegate.h */,
				B7B3DC271F18FB5D002104BA /* AppDelegate.m */,
				B7B3DC2C1F18FB5D002104BA /* Assets.xcassets */,
				B7B3DC2E1F18FB5D002104BA /* MainMenu.xib */,
				B7B3DC311F18FB5D002104BA /* Info.plist */,
				B7B3DC291F18FB5D002104BA /* Supporting Files */,
			);
			path = LearnPopWindow;
			sourceTree = "<group>";
		};
		B7B3DC291F18FB5D002104BA /* Supporting Files */ = {
			isa = PBXGroup;
			children = (
				B7B3DC2A1F18FB5D002104BA /* main.m */,
			);
			name = "Supporting Files";
			sourceTree = "<group>";
		};
/* End PBXGroup section */

/* Begin PBXNativeTarget section */
		B7B3DC221F18FB5D002104BA /* LearnPopWindow */ = {
			isa = PBXNativeTarget;
			buildConfigurationList = B7B3DC341F18FB5D002104BA /* Build configuration list for PBXNativeTarget "LearnPopWindow" */;
			buildPhases = (
				B7B3DC1F1F18FB5D002104BA /* Sources */,
				B7B3DC201F18FB5D002104BA /* Frameworks */,
				B7B3DC211F18FB5D002104BA /* Resources */,
			);
			buildRules = (
			);
			dependencies = (
			);
			name = LearnPopWindow;
			productName = LearnPopWindow;
			productReference = B7B3DC231F18FB5D002104BA /* LearnPopWindow.app */;
			productType = "com.apple.product-type.application";
		};
/* End PBXNativeTarget section */

/* Begin PBXProject section */
		B7B3DC1B1F18FB5D002104BA /* Project object */ = {
			isa = PBXProject;
			attributes = {
				LastUpgradeCheck = 0820;
				ORGANIZATIONNAME = TencentJobs;
				TargetAttributes = {
					B7B3DC221F18FB5D002104BA = {
						CreatedOnToolsVersion = 8.2.1;
						ProvisioningStyle = Automatic;
					};
				};
			};
			buildConfigurationList = B7B3DC1E1F18FB5D002104BA /* Build configuration list for PBXProject "LearnPopWindow" */;
			compatibilityVersion = "Xcode 3.2";
			developmentRegion = English;
			hasScannedForEncodings = 0;
			knownRegions = (
				en,
				Base,
			);
			mainGroup = B7B3DC1A1F18FB5D002104BA;
			productRefGroup = B7B3DC241F18FB5D002104BA /* Products */;
			projectDirPath = "";
			projectRoot = "";
			targets = (
				B7B3DC221F18FB5D002104BA /* LearnPopWindow */,
			);
		};
/* End PBXProject section */

/* Begin PBXResourcesBuildPhase section */
		B7B3DC211F18FB5D002104BA /* Resources */ = {
			isa = PBXResourcesBuildPhase;
			buildActionMask = 2147483647;
			files = (
				B7B3DC2D1F18FB5D002104BA /* Assets.xcassets in Resources */,
				B7B3DC301F18FB5D002104BA /* MainMenu.xib in Resources */,
			);
			runOnlyForDeploymentPostprocessing = 0;
		};
/* End PBXResourcesBuildPhase section */

/* Begin PBXSourcesBuildPhase section */
		B7B3DC1F1F18FB5D002104BA /* Sources */ = {
			isa = PBXSourcesBuildPhase;
			buildActionMask = 2147483647;
			files = (
				B7B3DC2B1F18FB5D002104BA /* main.m in Sources */,
				B7B3DC281F18FB5D002104BA /* AppDelegate.m in Sources */,
			);
			runOnlyForDeploymentPostprocessing = 0;
		};
/* End PBXSourcesBuildPhase section */

/* Begin PBXVariantGroup section */
		B7B3DC2E1F18FB5D002104BA /* MainMenu.xib */ = {
			isa = PBXVariantGroup;
			children = (
				B7B3DC2F1F18FB5D002104BA /* Base */,
			);
			name = MainMenu.xib;
			sourceTree = "<group>";
		};
/* End PBXVariantGroup section */

/* Begin XCBuildConfiguration section */
		B7B3DC321F18FB5D002104BA /* Debug */ = {
			isa = XCBuildConfiguration;
			buildSettings = {
				ALWAYS_SEARCH_USER_PATHS = NO;
				CLANG_ANALYZER_NONNULL = YES;
				CLANG_CXX_LANGUAGE_STANDARD = "gnu++0x";
				CLANG_CXX_LIBRARY = "libc++";
				CLANG_ENABLE_MODULES = YES;
				CLANG_ENABLE_OBJC_ARC = YES;
				CLANG_WARN_BOOL_CONVERSION = YES;
				CLANG_WARN_CONSTANT_CONVERSION = YES;
				CLANG_WARN_DIRECT_OBJC_ISA_USAGE = YES_ERROR;
				CLANG_WARN_DOCUMENTATION_COMMENTS = YES;
				CLANG_WARN_EMPTY_BODY = YES;
				CLANG_WARN_ENUM_CONVERSION = YES;
				CLANG_WARN_INFINITE_RECURSION = YES;
				CLANG_WARN_INT_CONVERSION = YES;
				CLANG_WARN_OBJC_ROOT_CLASS = YES_ERROR;
				CLANG_WARN_SUSPICIOUS_MOVE = YES;
				CLANG_WARN_UNREACHABLE_CODE = YES;
				CLANG_WARN__DUPLICATE_METHOD_MATCH = YES;
				CODE_SIGN_IDENTITY = "-";
				COPY_PHASE_STRIP = NO;
				DEBUG_INFORMATION_FORMAT = dwarf;
				ENABLE_STRICT_OBJC_MSGSEND = YES;
				ENABLE_TESTABILITY = YES;
				GCC_C_LANGUAGE_STANDARD = gnu99;
				GCC_DYNAMIC_NO_PIC = NO;
				GCC_NO_COMMON_BLOCKS = YES;
				GCC_OPTIMIZATION_LEVEL = 0;
				GCC_PREPROCESSOR_DEFINITIONS = (
					"DEBUG=1",
					"$(inherited)",
				);
				GCC_WARN_64_TO_32_BIT_CONVERSION = YES;
				GCC_WARN_ABOUT_RETURN_TYPE = YES_ERROR;
				GCC_WARN_UNDECLARED_SELECTOR = YES;
				GCC_WARN_UNINITIALIZED_AUTOS = YES_AGGRESSIVE;
				GCC_WARN_UNUSED_FUNCTION = YES;
				GCC_WARN_UNUSED_VARIABLE = YES;
				MACOSX_DEPLOYMENT_TARGET = 10.12;
				MTL_ENABLE_DEBUG_INFO = YES;
				ONLY_ACTIVE_ARCH = YES;
				SDKROOT = macosx;
			};
			name = Debug;
		};
		B7B3DC331F18FB5D002104BA /* Release */ = {
			isa = XCBuildConfiguration;
			buildSettings = {
				ALWAYS_SEARCH_USER_PATHS = NO;
				CLANG_ANALYZER_NONNULL = YES;
				CLANG_CXX_LANGUAGE_STANDARD = "gnu++0x";
				CLANG_CXX_LIBRARY = "libc++";
				CLANG_ENABLE_MODULES = YES;
				CLANG_ENABLE_OBJC_ARC = YES;
				CLANG_WARN_BOOL_CONVERSION = YES;
				CLANG_WARN_CONSTANT_CONVERSION = YES;
				CLANG_WARN_DIRECT_OBJC_ISA_USAGE = YES_ERROR;
				CLANG_WARN_DOCUMENTATION_COMMENTS = YES;
				CLANG_WARN_EMPTY_BODY = YES;
				CLANG_WARN_ENUM_CONVERSION = YES;
				CLANG_WARN_INFINITE_RECURSION = YES;
				CLANG_WARN_INT_CONVERSION = YES;
				CLANG_WARN_OBJC_ROOT_CLASS = YES_ERROR;
				CLANG_WARN_SUSPICIOUS_MOVE = YES;
				CLANG_WARN_UNREACHABLE_CODE = YES;
				CLANG_WARN__DUPLICATE_METHOD_MATCH = YES;
				CODE_SIGN_IDENTITY = "-";
				COPY_PHASE_STRIP = NO;
				DEBUG_INFORMATION_FORMAT = "dwarf-with-dsym";
				ENABLE_NS_ASSERTIONS = NO;
				ENABLE_STRICT_OBJC_MSGSEND = YES;
				GCC_C_LANGUAGE_STANDARD = gnu99;
				GCC_NO_COMMON_BLOCKS = YES;
				GCC_WARN_64_TO_32_BIT_CONVERSION = YES;
				GCC_WARN_ABOUT_RETURN_TYPE = YES_ERROR;
				GCC_WARN_UNDECLARED_SELECTOR = YES;
				GCC_WARN_UNINITIALIZED_AUTOS = YES_AGGRESSIVE;
				GCC_WARN_UNUSED_FUNCTION = YES;
				GCC_WARN_UNUSED_VARIABLE = YES;
				MACOSX_DEPLOYMENT_TARGET = 10.12;
				MTL_ENABLE_DEBUG_INFO = NO;
				SDKROOT = macosx;
			};
			name = Release;
		};
		B7B3DC351F18FB5D002104BA /* Debug */ = {
			isa = XCBuildConfiguration;
			buildSettings = {
				ASSETCATALOG_COMPILER_APPICON_NAME = AppIcon;
				COMBINE_HIDPI_IMAGES = YES;
				INFOPLIST_FILE = LearnPopWindow/Info.plist;
				LD_RUNPATH_SEARCH_PATHS = "$(inherited) @executable_path/../Frameworks";
				PRODUCT_BUNDLE_IDENTIFIER = com.tencentjobs.LearnPopWindow;
				PRODUCT_NAME = "$(TARGET_NAME)";
			};
			name = Debug;
		};
		B7B3DC361F18FB5D002104BA /* Release */ = {
			isa = XCBuildConfiguration;
			buildSettings = {
				ASSETCATALOG_COMPILER_APPICON_NAME = AppIcon;
				COMBINE_HIDPI_IMAGES = YES;
				INFOPLIST_FILE = LearnPopWindow/Info.plist;
				LD_RUNPATH_SEARCH_PATHS = "$(inherited) @executable_path/../Frameworks";
				PRODUCT_BUNDLE_IDENTIFIER = com.tencentjobs.LearnPopWindow;
				PRODUCT_NAME = "$(TARGET_NAME)";
			};
			name = Release;
		};
/* End XCBuildConfiguration section */

/* Begin XCConfigurationList section */
		B7B3DC1E1F18FB5D002104BA /* Build configuration list for PBXProject "LearnPopWindow" */ = {
			isa = XCConfigurationList;
			buildConfigurations = (
				B7B3DC321F18FB5D002104BA /* Debug */,
				B7B3DC331F18FB5D002104BA /* Release */,
			);
			defaultConfigurationIsVisible = 0;
			defaultConfigurationName = Release;
		};
		B7B3DC341F18FB5D002104BA /* Build configuration list for PBXNativeTarget "LearnPopWindow" */ = {
			isa = XCConfigurationList;
			buildConfigurations = (
				B7B3DC351F18FB5D002104BA /* Debug */,
				B7B3DC361F18FB5D002104BA /* Release */,
			);
			defaultConfigurationIsVisible = 0;
		};
/* End XCConfigurationList section */
	};
	rootObject = B7B3DC1B1F18FB5D002104BA /* Project object */;
}
